
Microsoft Visual Studio Solution File, Format Version 12.00
# Visual Studio 2013
VisualStudioVersion = 12.0.21005.1
MinimumVisualStudioVersion = 10.0.40219.1
Project("{8BC9CEB8-8B4A-11D0-8D11-00A0C91BC942}") = "kitpo", "kitpo\kitpo.vcxproj", "{408EE264-C7C4-4127-A9E3-3B2E633FA75A}"
EndProject
Global
	GlobalSection(SolutionConfigurationPlatforms) = preSolution
		Debug|Win32 = Debug|Win32
		Release|Win32 = Release|Win32
	EndGlobalSection
	GlobalSection(ProjectConfigurationPlatforms) = postSolution
		{408EE264-C7C4-4127-A9E3-3B2E633FA75A}.Debug|Win32.ActiveCfg = Debug|Win32
		{408EE264-C7C4-4127-A9E3-3B2E633FA75A}.Debug|Win32.Build.0 = Debug|Win32
		{408EE264-C7C4-4127-A9E3-3B2E633FA75A}.Release|Win32.ActiveCfg = Release|Win32
		{408EE264-C7C4-4127-A9E3-3B2E633FA75A}.Release|Win32.Build.0 = Release|Win32
	EndGlobalSection
	GlobalSection(SolutionProperties) = preSolution
		HideSolutionNode = FALSE
	EndGlobalSection
EndGlobal
